
Microsoft Visual Studio Solution File, Format Version 12.00
# Visual Studio Version 16
VisualStudioVersion = 16.0.29424.173
MinimumVisualStudioVersion = 10.0.40219.1
Project("{FAE04EC0-301F-11D3-BF4B-00C04F79EFBC}") = "GeneratedPhotosApiExplorer", "GeneratedPhotosApiExplorer\GeneratedPhotosApiExplorer.csproj", "{67851743-2E94-4520-9782-A78B257638DA}"
EndProject
Global
	GlobalSection(SolutionConfigurationPlatforms) = preSolution
		Debug|Any CPU = Debug|Any CPU
		Release|Any CPU = Release|Any CPU
	EndGlobalSection
	GlobalSection(ProjectConfigurationPlatforms) = postSolution
		{67851743-2E94-4520-9782-A78B257638DA}.Debug|Any CPU.ActiveCfg = Debug|Any CPU
		{67851743-2E94-4520-9782-A78B257638DA}.Debug|Any CPU.Build.0 = Debug|Any CPU
		{67851743-2E94-4520-9782-A78B257638DA}.Release|Any CPU.ActiveCfg = Release|Any CPU
		{67851743-2E94-4520-9782-A78B257638DA}.Release|Any CPU.Build.0 = Release|Any CPU
	EndGlobalSection
	GlobalSection(SolutionProperties) = preSolution
		HideSolutionNode = FALSE
	EndGlobalSection
	GlobalSection(ExtensibilityGlobals) = postSolution
		SolutionGuid = {5A9C2699-3B5E-4D2B-84E6-887348BCB309}
	EndGlobalSection
EndGlobal
